// !$*UTF8*$!
{
	archiveVersion = 1;
	classes = {
	};
	objectVersion = 56;
	objects = {

/* Begin PBXBuildFile section */
		388E4CEB29453902009E02A8 /* MyPlantsLayoutApp.swift in Sources */ = {isa = PBXBuildFile; fileRef = 388E4CEA29453902009E02A8 /* MyPlantsLayoutApp.swift */; };
		388E4CED29453902009E02A8 /* ContentView.swift in Sources */ = {isa = PBXBuildFile; fileRef = 388E4CEC29453902009E02A8 /* ContentView.swift */; };
		388E4CEF29453907009E02A8 /* Assets.xcassets in Resources */ = {isa = PBXBuildFile; fileRef = 388E4CEE29453907009E02A8 /* Assets.xcassets */; };
		388E4CF229453907009E02A8 /* Preview Assets.xcassets in Resources */ = {isa = PBXBuildFile; fileRef = 388E4CF129453907009E02A8 /* Preview Assets.xcassets */; };
		388E4CF929453931009E02A8 /* FontsStyle.swift in Sources */ = {isa = PBXBuildFile; fileRef = 388E4CF829453931009E02A8 /* FontsStyle.swift */; };
		388E4CFB29453FFA009E02A8 /* ButtonsStyles.swift in Sources */ = {isa = PBXBuildFile; fileRef = 388E4CFA29453FFA009E02A8 /* ButtonsStyles.swift */; };
		388E4CFD29454ECB009E02A8 /* CustomTabBar.swift in Sources */ = {isa = PBXBuildFile; fileRef = 388E4CFC29454ECB009E02A8 /* CustomTabBar.swift */; };
		388E4CFF29458578009E02A8 /* TabBarShape.swift in Sources */ = {isa = PBXBuildFile; fileRef = 388E4CFE29458578009E02A8 /* TabBarShape.swift */; };
		388E4D012946327E009E02A8 /* ColorsStale.swift in Sources */ = {isa = PBXBuildFile; fileRef = 388E4D002946327E009E02A8 /* ColorsStale.swift */; };
		388E4D032946A4BD009E02A8 /* ShadowStyle.swift in Sources */ = {isa = PBXBuildFile; fileRef = 388E4D022946A4BD009E02A8 /* ShadowStyle.swift */; };
		388E4D062946B9C7009E02A8 /* SystemIcons.swift in Sources */ = {isa = PBXBuildFile; fileRef = 388E4D052946B9C7009E02A8 /* SystemIcons.swift */; };
/* End PBXBuildFile section */

/* Begin PBXFileReference section */
		388E4CE729453902009E02A8 /* MyPlantsLayout.app */ = {isa = PBXFileReference; explicitFileType = wrapper.application; includeInIndex = 0; path = MyPlantsLayout.app; sourceTree = BUILT_PRODUCTS_DIR; };
		388E4CEA29453902009E02A8 /* MyPlantsLayoutApp.swift */ = {isa = PBXFileReference; lastKnownFileType = sourcecode.swift; path = MyPlantsLayoutApp.swift; sourceTree = "<group>"; };
		388E4CEC29453902009E02A8 /* ContentView.swift */ = {isa = PBXFileReference; lastKnownFileType = sourcecode.swift; path = ContentView.swift; sourceTree = "<group>"; };
		388E4CEE29453907009E02A8 /* Assets.xcassets */ = {isa = PBXFileReference; lastKnownFileType = folder.assetcatalog; path = Assets.xcassets; sourceTree = "<group>"; };
		388E4CF129453907009E02A8 /* Preview Assets.xcassets */ = {isa = PBXFileReference; lastKnownFileType = folder.assetcatalog; path = "Preview Assets.xcassets"; sourceTree = "<group>"; };
		388E4CF829453931009E02A8 /* FontsStyle.swift */ = {isa = PBXFileReference; lastKnownFileType = sourcecode.swift; path = FontsStyle.swift; sourceTree = "<group>"; };
		388E4CFA29453FFA009E02A8 /* ButtonsStyles.swift */ = {isa = PBXFileReference; lastKnownFileType = sourcecode.swift; path = ButtonsStyles.swift; sourceTree = "<group>"; };
		388E4CFC29454ECB009E02A8 /* CustomTabBar.swift */ = {isa = PBXFileReference; lastKnownFileType = sourcecode.swift; path = CustomTabBar.swift; sourceTree = "<group>"; };
		388E4CFE29458578009E02A8 /* TabBarShape.swift */ = {isa = PBXFileReference; lastKnownFileType = sourcecode.swift; path = TabBarShape.swift; sourceTree = "<group>"; };
		388E4D002946327E009E02A8 /* ColorsStale.swift */ = {isa = PBXFileReference; lastKnownFileType = sourcecode.swift; path = ColorsStale.swift; sourceTree = "<group>"; };
		388E4D022946A4BD009E02A8 /* ShadowStyle.swift */ = {isa = PBXFileReference; lastKnownFileType = sourcecode.swift; path = ShadowStyle.swift; sourceTree = "<group>"; };
		388E4D052946B9C7009E02A8 /* SystemIcons.swift */ = {isa = PBXFileReference; lastKnownFileType = sourcecode.swift; path = SystemIcons.swift; sourceTree = "<group>"; };
/* End PBXFileReference section */

/* Begin PBXFrameworksBuildPhase section */
		388E4CE429453902009E02A8 /* Frameworks */ = {
			isa = PBXFrameworksBuildPhase;
			buildActionMask = 2147483647;
			files = (
			);
			runOnlyForDeploymentPostprocessing = 0;
		};
/* End PBXFrameworksBuildPhase section */

/* Begin PBXGroup section */
		388E4CDE29453902009E02A8 = {
			isa = PBXGroup;
			children = (
				388E4CE929453902009E02A8 /* MyPlantsLayout */,
				388E4CE829453902009E02A8 /* Products */,
			);
			sourceTree = "<group>";
		};
		388E4CE829453902009E02A8 /* Products */ = {
			isa = PBXGroup;
			children = (
				388E4CE729453902009E02A8 /* MyPlantsLayout.app */,
			);
			name = Products;
			sourceTree = "<group>";
		};
		388E4CE929453902009E02A8 /* MyPlantsLayout */ = {
			isa = PBXGroup;
			children = (
				388E4D042946B46F009E02A8 /* Custom Shapes */,
				388E4CEA29453902009E02A8 /* MyPlantsLayoutApp.swift */,
				388E4CEC29453902009E02A8 /* ContentView.swift */,
				388E4CF829453931009E02A8 /* FontsStyle.swift */,
				388E4CFA29453FFA009E02A8 /* ButtonsStyles.swift */,
				388E4D052946B9C7009E02A8 /* SystemIcons.swift */,
				388E4CFC29454ECB009E02A8 /* CustomTabBar.swift */,
				388E4D002946327E009E02A8 /* ColorsStale.swift */,
				388E4D022946A4BD009E02A8 /* ShadowStyle.swift */,
				388E4CEE29453907009E02A8 /* Assets.xcassets */,
				388E4CF029453907009E02A8 /* Preview Content */,
			);
			path = MyPlantsLayout;
			sourceTree = "<group>";
		};
		388E4CF029453907009E02A8 /* Preview Content */ = {
			isa = PBXGroup;
			children = (
				388E4CF129453907009E02A8 /* Preview Assets.xcassets */,
			);
			path = "Preview Content";
			sourceTree = "<group>";
		};
		388E4D042946B46F009E02A8 /* Custom Shapes */ = {
			isa = PBXGroup;
			children = (
				388E4CFE29458578009E02A8 /* TabBarShape.swift */,
			);
			path = "Custom Shapes";
			sourceTree = "<group>";
		};
/* End PBXGroup section */

/* Begin PBXNativeTarget section */
		388E4CE629453902009E02A8 /* MyPlantsLayout */ = {
			isa = PBXNativeTarget;
			buildConfigurationList = 388E4CF529453907009E02A8 /* Build configuration list for PBXNativeTarget "MyPlantsLayout" */;
			buildPhases = (
				388E4CE329453902009E02A8 /* Sources */,
				388E4CE429453902009E02A8 /* Frameworks */,
				388E4CE529453902009E02A8 /* Resources */,
			);
			buildRules = (
			);
			dependencies = (
			);
			name = MyPlantsLayout;
			productName = MyPlantsLayout;
			productReference = 388E4CE729453902009E02A8 /* MyPlantsLayout.app */;
			productType = "com.apple.product-type.application";
		};
/* End PBXNativeTarget section */

/* Begin PBXProject section */
		388E4CDF29453902009E02A8 /* Project object */ = {
			isa = PBXProject;
			attributes = {
				BuildIndependentTargetsInParallel = 1;
				LastSwiftUpdateCheck = 1410;
				LastUpgradeCheck = 1410;
				TargetAttributes = {
					388E4CE629453902009E02A8 = {
						CreatedOnToolsVersion = 14.1;
					};
				};
			};
			buildConfigurationList = 388E4CE229453902009E02A8 /* Build configuration list for PBXProject "MyPlantsLayout" */;
			compatibilityVersion = "Xcode 14.0";
			developmentRegion = en;
			hasScannedForEncodings = 0;
			knownRegions = (
				en,
				Base,
			);
			mainGroup = 388E4CDE29453902009E02A8;
			productRefGroup = 388E4CE829453902009E02A8 /* Products */;
			projectDirPath = "";
			projectRoot = "";
			targets = (
				388E4CE629453902009E02A8 /* MyPlantsLayout */,
			);
		};
/* End PBXProject section */

/* Begin PBXResourcesBuildPhase section */
		388E4CE529453902009E02A8 /* Resources */ = {
			isa = PBXResourcesBuildPhase;
			buildActionMask = 2147483647;
			files = (
				388E4CF229453907009E02A8 /* Preview Assets.xcassets in Resources */,
				388E4CEF29453907009E02A8 /* Assets.xcassets in Resources */,
			);
			runOnlyForDeploymentPostprocessing = 0;
		};
/* End PBXResourcesBuildPhase section */

/* Begin PBXSourcesBuildPhase section */
		388E4CE329453902009E02A8 /* Sources */ = {
			isa = PBXSourcesBuildPhase;
			buildActionMask = 2147483647;
			files = (
				388E4D012946327E009E02A8 /* ColorsStale.swift in Sources */,
				388E4CED29453902009E02A8 /* ContentView.swift in Sources */,
				388E4CFF29458578009E02A8 /* TabBarShape.swift in Sources */,
				388E4D032946A4BD009E02A8 /* ShadowStyle.swift in Sources */,
				388E4D062946B9C7009E02A8 /* SystemIcons.swift in Sources */,
				388E4CFB29453FFA009E02A8 /* ButtonsStyles.swift in Sources */,
				388E4CEB29453902009E02A8 /* MyPlantsLayoutApp.swift in Sources */,
				388E4CF929453931009E02A8 /* FontsStyle.swift in Sources */,
				388E4CFD29454ECB009E02A8 /* CustomTabBar.swift in Sources */,
			);
			runOnlyForDeploymentPostprocessing = 0;
		};
/* End PBXSourcesBuildPhase section */

/* Begin XCBuildConfiguration section */
		388E4CF329453907009E02A8 /* Debug */ = {
			isa = XCBuildConfiguration;
			buildSettings = {
				ALWAYS_SEARCH_USER_PATHS = NO;
				CLANG_ANALYZER_NONNULL = YES;
				CLANG_ANALYZER_NUMBER_OBJECT_CONVERSION = YES_AGGRESSIVE;
				CLANG_CXX_LANGUAGE_STANDARD = "gnu++20";
				CLANG_ENABLE_MODULES = YES;
				CLANG_ENABLE_OBJC_ARC = YES;
				CLANG_ENABLE_OBJC_WEAK = YES;
				CLANG_WARN_BLOCK_CAPTURE_AUTORELEASING = YES;
				CLANG_WARN_BOOL_CONVERSION = YES;
				CLANG_WARN_COMMA = YES;
				CLANG_WARN_CONSTANT_CONVERSION = YES;
				CLANG_WARN_DEPRECATED_OBJC_IMPLEMENTATIONS = YES;
				CLANG_WARN_DIRECT_OBJC_ISA_USAGE = YES_ERROR;
				CLANG_WARN_DOCUMENTATION_COMMENTS = YES;
				CLANG_WARN_EMPTY_BODY = YES;
				CLANG_WARN_ENUM_CONVERSION = YES;
				CLANG_WARN_INFINITE_RECURSION = YES;
				CLANG_WARN_INT_CONVERSION = YES;
				CLANG_WARN_NON_LITERAL_NULL_CONVERSION = YES;
				CLANG_WARN_OBJC_IMPLICIT_RETAIN_SELF = YES;
				CLANG_WARN_OBJC_LITERAL_CONVERSION = YES;
				CLANG_WARN_OBJC_ROOT_CLASS = YES_ERROR;
				CLANG_WARN_QUOTED_INCLUDE_IN_FRAMEWORK_HEADER = YES;
				CLANG_WARN_RANGE_LOOP_ANALYSIS = YES;
				CLANG_WARN_STRICT_PROTOTYPES = YES;
				CLANG_WARN_SUSPICIOUS_MOVE = YES;
				CLANG_WARN_UNGUARDED_AVAILABILITY = YES_AGGRESSIVE;
				CLANG_WARN_UNREACHABLE_CODE = YES;
				CLANG_WARN__DUPLICATE_METHOD_MATCH = YES;
				COPY_PHASE_STRIP = NO;
				DEBUG_INFORMATION_FORMAT = dwarf;
				ENABLE_STRICT_OBJC_MSGSEND = YES;
				ENABLE_TESTABILITY = YES;
				GCC_C_LANGUAGE_STANDARD = gnu11;
				GCC_DYNAMIC_NO_PIC = NO;
				GCC_NO_COMMON_BLOCKS = YES;
				GCC_OPTIMIZATION_LEVEL = 0;
				GCC_PREPROCESSOR_DEFINITIONS = (
					"DEBUG=1",
					"$(inherited)",
				);
				GCC_WARN_64_TO_32_BIT_CONVERSION = YES;
				GCC_WARN_ABOUT_RETURN_TYPE = YES_ERROR;
				GCC_WARN_UNDECLARED_SELECTOR = YES;
				GCC_WARN_UNINITIALIZED_AUTOS = YES_AGGRESSIVE;
				GCC_WARN_UNUSED_FUNCTION = YES;
				GCC_WARN_UNUSED_VARIABLE = YES;
				IPHONEOS_DEPLOYMENT_TARGET = 16.1;
				MTL_ENABLE_DEBUG_INFO = INCLUDE_SOURCE;
				MTL_FAST_MATH = YES;
				ONLY_ACTIVE_ARCH = YES;
				SDKROOT = iphoneos;
				SWIFT_ACTIVE_COMPILATION_CONDITIONS = DEBUG;
				SWIFT_OPTIMIZATION_LEVEL = "-Onone";
			};
			name = Debug;
		};
		388E4CF429453907009E02A8 /* Release */ = {
			isa = XCBuildConfiguration;
			buildSettings = {
				ALWAYS_SEARCH_USER_PATHS = NO;
				CLANG_ANALYZER_NONNULL = YES;
				CLANG_ANALYZER_NUMBER_OBJECT_CONVERSION = YES_AGGRESSIVE;
				CLANG_CXX_LANGUAGE_STANDARD = "gnu++20";
				CLANG_ENABLE_MODULES = YES;
				CLANG_ENABLE_OBJC_ARC = YES;
				CLANG_ENABLE_OBJC_WEAK = YES;
				CLANG_WARN_BLOCK_CAPTURE_AUTORELEASING = YES;
				CLANG_WARN_BOOL_CONVERSION = YES;
				CLANG_WARN_COMMA = YES;
				CLANG_WARN_CONSTANT_CONVERSION = YES;
				CLANG_WARN_DEPRECATED_OBJC_IMPLEMENTATIONS = YES;
				CLANG_WARN_DIRECT_OBJC_ISA_USAGE = YES_ERROR;
				CLANG_WARN_DOCUMENTATION_COMMENTS = YES;
				CLANG_WARN_EMPTY_BODY = YES;
				CLANG_WARN_ENUM_CONVERSION = YES;
				CLANG_WARN_INFINITE_RECURSION = YES;
				CLANG_WARN_INT_CONVERSION = YES;
				CLANG_WARN_NON_LITERAL_NULL_CONVERSION = YES;
				CLANG_WARN_OBJC_IMPLICIT_RETAIN_SELF = YES;
				CLANG_WARN_OBJC_LITERAL_CONVERSION = YES;
				CLANG_WARN_OBJC_ROOT_CLASS = YES_ERROR;
				CLANG_WARN_QUOTED_INCLUDE_IN_FRAMEWORK_HEADER = YES;
				CLANG_WARN_RANGE_LOOP_ANALYSIS = YES;
				CLANG_WARN_STRICT_PROTOTYPES = YES;
				CLANG_WARN_SUSPICIOUS_MOVE = YES;
				CLANG_WARN_UNGUARDED_AVAILABILITY = YES_AGGRESSIVE;
				CLANG_WARN_UNREACHABLE_CODE = YES;
				CLANG_WARN__DUPLICATE_METHOD_MATCH = YES;
				COPY_PHASE_STRIP = NO;
				DEBUG_INFORMATION_FORMAT = "dwarf-with-dsym";
				ENABLE_NS_ASSERTIONS = NO;
				ENABLE_STRICT_OBJC_MSGSEND = YES;
				GCC_C_LANGUAGE_STANDARD = gnu11;
				GCC_NO_COMMON_BLOCKS = YES;
				GCC_WARN_64_TO_32_BIT_CONVERSION = YES;
				GCC_WARN_ABOUT_RETURN_TYPE = YES_ERROR;
				GCC_WARN_UNDECLARED_SELECTOR = YES;
				GCC_WARN_UNINITIALIZED_AUTOS = YES_AGGRESSIVE;
				GCC_WARN_UNUSED_FUNCTION = YES;
				GCC_WARN_UNUSED_VARIABLE = YES;
				IPHONEOS_DEPLOYMENT_TARGET = 16.1;
				MTL_ENABLE_DEBUG_INFO = NO;
				MTL_FAST_MATH = YES;
				SDKROOT = iphoneos;
				SWIFT_COMPILATION_MODE = wholemodule;
				SWIFT_OPTIMIZATION_LEVEL = "-O";
				VALIDATE_PRODUCT = YES;
			};
			name = Release;
		};
		388E4CF629453907009E02A8 /* Debug */ = {
			isa = XCBuildConfiguration;
			buildSettings = {
				ASSETCATALOG_COMPILER_APPICON_NAME = AppIcon;
				ASSETCATALOG_COMPILER_GLOBAL_ACCENT_COLOR_NAME = AccentColor;
				CODE_SIGN_STYLE = Automatic;
				CURRENT_PROJECT_VERSION = 1;
				DEVELOPMENT_ASSET_PATHS = "\"MyPlantsLayout/Preview Content\"";
				DEVELOPMENT_TEAM = H6V8C3DS35;
				ENABLE_PREVIEWS = YES;
				GENERATE_INFOPLIST_FILE = YES;
				INFOPLIST_KEY_UIApplicationSceneManifest_Generation = YES;
				INFOPLIST_KEY_UIApplicationSupportsIndirectInputEvents = YES;
				INFOPLIST_KEY_UILaunchScreen_Generation = YES;
				INFOPLIST_KEY_UISupportedInterfaceOrientations_iPad = "UIInterfaceOrientationPortrait UIInterfaceOrientationPortraitUpsideDown UIInterfaceOrientationLandscapeLeft UIInterfaceOrientationLandscapeRight";
				INFOPLIST_KEY_UISupportedInterfaceOrientations_iPhone = "UIInterfaceOrientationPortrait UIInterfaceOrientationLandscapeLeft UIInterfaceOrientationLandscapeRight";
				LD_RUNPATH_SEARCH_PATHS = (
					"$(inherited)",
					"@executable_path/Frameworks",
				);
				MARKETING_VERSION = 1.0;
				PRODUCT_BUNDLE_IDENTIFIER = isis.MyPlantsLayout;
				PRODUCT_NAME = "$(TARGET_NAME)";
				SWIFT_EMIT_LOC_STRINGS = YES;
				SWIFT_VERSION = 5.0;
				TARGETED_DEVICE_FAMILY = "1,2";
			};
			name = Debug;
		};
		388E4CF729453907009E02A8 /* Release */ = {
			isa = XCBuildConfiguration;
			buildSettings = {
				ASSETCATALOG_COMPILER_APPICON_NAME = AppIcon;
				ASSETCATALOG_COMPILER_GLOBAL_ACCENT_COLOR_NAME = AccentColor;
				CODE_SIGN_STYLE = Automatic;
				CURRENT_PROJECT_VERSION = 1;
				DEVELOPMENT_ASSET_PATHS = "\"MyPlantsLayout/Preview Content\"";
				DEVELOPMENT_TEAM = H6V8C3DS35;
				ENABLE_PREVIEWS = YES;
				GENERATE_INFOPLIST_FILE = YES;
				INFOPLIST_KEY_UIApplicationSceneManifest_Generation = YES;
				INFOPLIST_KEY_UIApplicationSupportsIndirectInputEvents = YES;
				INFOPLIST_KEY_UILaunchScreen_Generation = YES;
				INFOPLIST_KEY_UISupportedInterfaceOrientations_iPad = "UIInterfaceOrientationPortrait UIInterfaceOrientationPortraitUpsideDown UIInterfaceOrientationLandscapeLeft UIInterfaceOrientationLandscapeRight";
				INFOPLIST_KEY_UISupportedInterfaceOrientations_iPhone = "UIInterfaceOrientationPortrait UIInterfaceOrientationLandscapeLeft UIInterfaceOrientationLandscapeRight";
				LD_RUNPATH_SEARCH_PATHS = (
					"$(inherited)",
					"@executable_path/Frameworks",
				);
				MARKETING_VERSION = 1.0;
				PRODUCT_BUNDLE_IDENTIFIER = isis.MyPlantsLayout;
				PRODUCT_NAME = "$(TARGET_NAME)";
				SWIFT_EMIT_LOC_STRINGS = YES;
				SWIFT_VERSION = 5.0;
				TARGETED_DEVICE_FAMILY = "1,2";
			};
			name = Release;
		};
/* End XCBuildConfiguration section */

/* Begin XCConfigurationList section */
		388E4CE229453902009E02A8 /* Build configuration list for PBXProject "MyPlantsLayout" */ = {
			isa = XCConfigurationList;
			buildConfigurations = (
				388E4CF329453907009E02A8 /* Debug */,
				388E4CF429453907009E02A8 /* Release */,
			);
			defaultConfigurationIsVisible = 0;
			defaultConfigurationName = Release;
		};
		388E4CF529453907009E02A8 /* Build configuration list for PBXNativeTarget "MyPlantsLayout" */ = {
			isa = XCConfigurationList;
			buildConfigurations = (
				388E4CF629453907009E02A8 /* Debug */,
				388E4CF729453907009E02A8 /* Release */,
			);
			defaultConfigurationIsVisible = 0;
			defaultConfigurationName = Release;
		};
/* End XCConfigurationList section */
	};
	rootObject = 388E4CDF29453902009E02A8 /* Project object */;
}
